// !$*UTF8*$!
{
	archiveVersion = 1;
	classes = {
	};
	objectVersion = 50;
	objects = {

/* Begin PBXBuildFile section */
		46D80A4025760263003C3164 /* Tests_iOS.swift in Sources */ = {isa = PBXBuildFile; fileRef = 46D80A3F25760263003C3164 /* Tests_iOS.swift */; };
		46D80A4B25760264003C3164 /* Tests_macOS.swift in Sources */ = {isa = PBXBuildFile; fileRef = 46D80A4A25760264003C3164 /* Tests_macOS.swift */; };
		46D80A4D25760264003C3164 /* MyGPSTestApp.swift in Sources */ = {isa = PBXBuildFile; fileRef = 46D80A2425760263003C3164 /* MyGPSTestApp.swift */; };
		46D80A4E25760264003C3164 /* MyGPSTestApp.swift in Sources */ = {isa = PBXBuildFile; fileRef = 46D80A2425760263003C3164 /* MyGPSTestApp.swift */; };
		46D80A4F25760264003C3164 /* ContentView.swift in Sources */ = {isa = PBXBuildFile; fileRef = 46D80A2525760263003C3164 /* ContentView.swift */; };
		46D80A5025760264003C3164 /* ContentView.swift in Sources */ = {isa = PBXBuildFile; fileRef = 46D80A2525760263003C3164 /* ContentView.swift */; };
		46D80A5125760264003C3164 /* Assets.xcassets in Resources */ = {isa = PBXBuildFile; fileRef = 46D80A2625760263003C3164 /* Assets.xcassets */; };
		46D80A5225760264003C3164 /* Assets.xcassets in Resources */ = {isa = PBXBuildFile; fileRef = 46D80A2625760263003C3164 /* Assets.xcassets */; };
		46D80A66257606A6003C3164 /* LocationManager.swift in Sources */ = {isa = PBXBuildFile; fileRef = 46D80A65257606A6003C3164 /* LocationManager.swift */; };
		46D80A67257606A6003C3164 /* LocationManager.swift in Sources */ = {isa = PBXBuildFile; fileRef = 46D80A65257606A6003C3164 /* LocationManager.swift */; };
/* End PBXBuildFile section */

/* Begin PBXContainerItemProxy section */
		46D80A3C25760263003C3164 /* PBXContainerItemProxy */ = {
			isa = PBXContainerItemProxy;
			containerPortal = 46D80A1F25760263003C3164 /* Project object */;
			proxyType = 1;
			remoteGlobalIDString = 46D80A2A25760263003C3164;
			remoteInfo = "MyGPSTest (iOS)";
		};
		46D80A4725760264003C3164 /* PBXContainerItemProxy */ = {
			isa = PBXContainerItemProxy;
			containerPortal = 46D80A1F25760263003C3164 /* Project object */;
			proxyType = 1;
			remoteGlobalIDString = 46D80A3225760263003C3164;
			remoteInfo = "MyGPSTest (macOS)";
		};
/* End PBXContainerItemProxy section */

/* Begin PBXFileReference section */
		46D80A2425760263003C3164 /* MyGPSTestApp.swift */ = {isa = PBXFileReference; lastKnownFileType = sourcecode.swift; path = MyGPSTestApp.swift; sourceTree = "<group>"; };
		46D80A2525760263003C3164 /* ContentView.swift */ = {isa = PBXFileReference; lastKnownFileType = sourcecode.swift; path = ContentView.swift; sourceTree = "<group>"; };
		46D80A2625760263003C3164 /* Assets.xcassets */ = {isa = PBXFileReference; lastKnownFileType = folder.assetcatalog; path = Assets.xcassets; sourceTree = "<group>"; };
		46D80A2B25760263003C3164 /* MyGPSTest.app */ = {isa = PBXFileReference; explicitFileType = wrapper.application; includeInIndex = 0; path = MyGPSTest.app; sourceTree = BUILT_PRODUCTS_DIR; };
		46D80A2E25760263003C3164 /* Info.plist */ = {isa = PBXFileReference; lastKnownFileType = text.plist.xml; path = Info.plist; sourceTree = "<group>"; };
		46D80A3325760263003C3164 /* MyGPSTest.app */ = {isa = PBXFileReference; explicitFileType = wrapper.application; includeInIndex = 0; path = MyGPSTest.app; sourceTree = BUILT_PRODUCTS_DIR; };
		46D80A3525760263003C3164 /* Info.plist */ = {isa = PBXFileReference; lastKnownFileType = text.plist.xml; path = Info.plist; sourceTree = "<group>"; };
		46D80A3625760263003C3164 /* macOS.entitlements */ = {isa = PBXFileReference; lastKnownFileType = text.plist.entitlements; path = macOS.entitlements; sourceTree = "<group>"; };
		46D80A3B25760263003C3164 /* Tests iOS.xctest */ = {isa = PBXFileReference; explicitFileType = wrapper.cfbundle; includeInIndex = 0; path = "Tests iOS.xctest"; sourceTree = BUILT_PRODUCTS_DIR; };
		46D80A3F25760263003C3164 /* Tests_iOS.swift */ = {isa = PBXFileReference; lastKnownFileType = sourcecode.swift; path = Tests_iOS.swift; sourceTree = "<group>"; };
		46D80A4125760263003C3164 /* Info.plist */ = {isa = PBXFileReference; lastKnownFileType = text.plist.xml; path = Info.plist; sourceTree = "<group>"; };
		46D80A4625760264003C3164 /* Tests macOS.xctest */ = {isa = PBXFileReference; explicitFileType = wrapper.cfbundle; includeInIndex = 0; path = "Tests macOS.xctest"; sourceTree = BUILT_PRODUCTS_DIR; };
		46D80A4A25760264003C3164 /* Tests_macOS.swift */ = {isa = PBXFileReference; lastKnownFileType = sourcecode.swift; path = Tests_macOS.swift; sourceTree = "<group>"; };
		46D80A4C25760264003C3164 /* Info.plist */ = {isa = PBXFileReference; lastKnownFileType = text.plist.xml; path = Info.plist; sourceTree = "<group>"; };
		46D80A65257606A6003C3164 /* LocationManager.swift */ = {isa = PBXFileReference; lastKnownFileType = sourcecode.swift; path = LocationManager.swift; sourceTree = "<group>"; };
/* End PBXFileReference section */

/* Begin PBXFrameworksBuildPhase section */
		46D80A2825760263003C3164 /* Frameworks */ = {
			isa = PBXFrameworksBuildPhase;
			buildActionMask = 2147483647;
			files = (
			);
			runOnlyForDeploymentPostprocessing = 0;
		};
		46D80A3025760263003C3164 /* Frameworks */ = {
			isa = PBXFrameworksBuildPhase;
			buildActionMask = 2147483647;
			files = (
			);
			runOnlyForDeploymentPostprocessing = 0;
		};
		46D80A3825760263003C3164 /* Frameworks */ = {
			isa = PBXFrameworksBuildPhase;
			buildActionMask = 2147483647;
			files = (
			);
			runOnlyForDeploymentPostprocessing = 0;
		};
		46D80A4325760264003C3164 /* Frameworks */ = {
			isa = PBXFrameworksBuildPhase;
			buildActionMask = 2147483647;
			files = (
			);
			runOnlyForDeploymentPostprocessing = 0;
		};
/* End PBXFrameworksBuildPhase section */

/* Begin PBXGroup section */
		46D80A1E25760263003C3164 = {
			isa = PBXGroup;
			children = (
				46D80A2325760263003C3164 /* Shared */,
				46D80A2D25760263003C3164 /* iOS */,
				46D80A3425760263003C3164 /* macOS */,
				46D80A3E25760263003C3164 /* Tests iOS */,
				46D80A4925760264003C3164 /* Tests macOS */,
				46D80A2C25760263003C3164 /* Products */,
			);
			sourceTree = "<group>";
		};
		46D80A2325760263003C3164 /* Shared */ = {
			isa = PBXGroup;
			children = (
				46D80A2425760263003C3164 /* MyGPSTestApp.swift */,
				46D80A2525760263003C3164 /* ContentView.swift */,
				46D80A65257606A6003C3164 /* LocationManager.swift */,
				46D80A2625760263003C3164 /* Assets.xcassets */,
			);
			path = Shared;
			sourceTree = "<group>";
		};
		46D80A2C25760263003C3164 /* Products */ = {
			isa = PBXGroup;
			children = (
				46D80A2B25760263003C3164 /* MyGPSTest.app */,
				46D80A3325760263003C3164 /* MyGPSTest.app */,
				46D80A3B25760263003C3164 /* Tests iOS.xctest */,
				46D80A4625760264003C3164 /* Tests macOS.xctest */,
			);
			name = Products;
			sourceTree = "<group>";
		};
		46D80A2D25760263003C3164 /* iOS */ = {
			isa = PBXGroup;
			children = (
				46D80A2E25760263003C3164 /* Info.plist */,
			);
			path = iOS;
			sourceTree = "<group>";
		};
		46D80A3425760263003C3164 /* macOS */ = {
			isa = PBXGroup;
			children = (
				46D80A3525760263003C3164 /* Info.plist */,
				46D80A3625760263003C3164 /* macOS.entitlements */,
			);
			path = macOS;
			sourceTree = "<group>";
		};
		46D80A3E25760263003C3164 /* Tests iOS */ = {
			isa = PBXGroup;
			children = (
				46D80A3F25760263003C3164 /* Tests_iOS.swift */,
				46D80A4125760263003C3164 /* Info.plist */,
			);
			path = "Tests iOS";
			sourceTree = "<group>";
		};
		46D80A4925760264003C3164 /* Tests macOS */ = {
			isa = PBXGroup;
			children = (
				46D80A4A25760264003C3164 /* Tests_macOS.swift */,
				46D80A4C25760264003C3164 /* Info.plist */,
			);
			path = "Tests macOS";
			sourceTree = "<group>";
		};
/* End PBXGroup section */

/* Begin PBXNativeTarget section */
		46D80A2A25760263003C3164 /* MyGPSTest (iOS) */ = {
			isa = PBXNativeTarget;
			buildConfigurationList = 46D80A5525760264003C3164 /* Build configuration list for PBXNativeTarget "MyGPSTest (iOS)" */;
			buildPhases = (
				46D80A2725760263003C3164 /* Sources */,
				46D80A2825760263003C3164 /* Frameworks */,
				46D80A2925760263003C3164 /* Resources */,
			);
			buildRules = (
			);
			dependencies = (
			);
			name = "MyGPSTest (iOS)";
			productName = "MyGPSTest (iOS)";
			productReference = 46D80A2B25760263003C3164 /* MyGPSTest.app */;
			productType = "com.apple.product-type.application";
		};
		46D80A3225760263003C3164 /* MyGPSTest (macOS) */ = {
			isa = PBXNativeTarget;
			buildConfigurationList = 46D80A5825760264003C3164 /* Build configuration list for PBXNativeTarget "MyGPSTest (macOS)" */;
			buildPhases = (
				46D80A2F25760263003C3164 /* Sources */,
				46D80A3025760263003C3164 /* Frameworks */,
				46D80A3125760263003C3164 /* Resources */,
			);
			buildRules = (
			);
			dependencies = (
			);
			name = "MyGPSTest (macOS)";
			productName = "MyGPSTest (macOS)";
			productReference = 46D80A3325760263003C3164 /* MyGPSTest.app */;
			productType = "com.apple.product-type.application";
		};
		46D80A3A25760263003C3164 /* Tests iOS */ = {
			isa = PBXNativeTarget;
			buildConfigurationList = 46D80A5B25760264003C3164 /* Build configuration list for PBXNativeTarget "Tests iOS" */;
			buildPhases = (
				46D80A3725760263003C3164 /* Sources */,
				46D80A3825760263003C3164 /* Frameworks */,
				46D80A3925760263003C3164 /* Resources */,
			);
			buildRules = (
			);
			dependencies = (
				46D80A3D25760263003C3164 /* PBXTargetDependency */,
			);
			name = "Tests iOS";
			productName = "Tests iOS";
			productReference = 46D80A3B25760263003C3164 /* Tests iOS.xctest */;
			productType = "com.apple.product-type.bundle.ui-testing";
		};
		46D80A4525760264003C3164 /* Tests macOS */ = {
			isa = PBXNativeTarget;
			buildConfigurationList = 46D80A5E25760264003C3164 /* Build configuration list for PBXNativeTarget "Tests macOS" */;
			buildPhases = (
				46D80A4225760264003C3164 /* Sources */,
				46D80A4325760264003C3164 /* Frameworks */,
				46D80A4425760264003C3164 /* Resources */,
			);
			buildRules = (
			);
			dependencies = (
				46D80A4825760264003C3164 /* PBXTargetDependency */,
			);
			name = "Tests macOS";
			productName = "Tests macOS";
			productReference = 46D80A4625760264003C3164 /* Tests macOS.xctest */;
			productType = "com.apple.product-type.bundle.ui-testing";
		};
/* End PBXNativeTarget section */

/* Begin PBXProject section */
		46D80A1F25760263003C3164 /* Project object */ = {
			isa = PBXProject;
			attributes = {
				LastSwiftUpdateCheck = 1220;
				LastUpgradeCheck = 1220;
				TargetAttributes = {
					46D80A2A25760263003C3164 = {
						CreatedOnToolsVersion = 12.2;
					};
					46D80A3225760263003C3164 = {
						CreatedOnToolsVersion = 12.2;
					};
					46D80A3A25760263003C3164 = {
						CreatedOnToolsVersion = 12.2;
						TestTargetID = 46D80A2A25760263003C3164;
					};
					46D80A4525760264003C3164 = {
						CreatedOnToolsVersion = 12.2;
						TestTargetID = 46D80A3225760263003C3164;
					};
				};
			};
			buildConfigurationList = 46D80A2225760263003C3164 /* Build configuration list for PBXProject "MyGPSTest" */;
			compatibilityVersion = "Xcode 9.3";
			developmentRegion = en;
			hasScannedForEncodings = 0;
			knownRegions = (
				en,
				Base,
			);
			mainGroup = 46D80A1E25760263003C3164;
			productRefGroup = 46D80A2C25760263003C3164 /* Products */;
			projectDirPath = "";
			projectRoot = "";
			targets = (
				46D80A2A25760263003C3164 /* MyGPSTest (iOS) */,
				46D80A3225760263003C3164 /* MyGPSTest (macOS) */,
				46D80A3A25760263003C3164 /* Tests iOS */,
				46D80A4525760264003C3164 /* Tests macOS */,
			);
		};
/* End PBXProject section */

/* Begin PBXResourcesBuildPhase section */
		46D80A2925760263003C3164 /* Resources */ = {
			isa = PBXResourcesBuildPhase;
			buildActionMask = 2147483647;
			files = (
				46D80A5125760264003C3164 /* Assets.xcassets in Resources */,
			);
			runOnlyForDeploymentPostprocessing = 0;
		};
		46D80A3125760263003C3164 /* Resources */ = {
			isa = PBXResourcesBuildPhase;
			buildActionMask = 2147483647;
			files = (
				46D80A5225760264003C3164 /* Assets.xcassets in Resources */,
			);
			runOnlyForDeploymentPostprocessing = 0;
		};
		46D80A3925760263003C3164 /* Resources */ = {
			isa = PBXResourcesBuildPhase;
			buildActionMask = 2147483647;
			files = (
			);
			runOnlyForDeploymentPostprocessing = 0;
		};
		46D80A4425760264003C3164 /* Resources */ = {
			isa = PBXResourcesBuildPhase;
			buildActionMask = 2147483647;
			files = (
			);
			runOnlyForDeploymentPostprocessing = 0;
		};
/* End PBXResourcesBuildPhase section */

/* Begin PBXSourcesBuildPhase section */
		46D80A2725760263003C3164 /* Sources */ = {
			isa = PBXSourcesBuildPhase;
			buildActionMask = 2147483647;
			files = (
				46D80A4F25760264003C3164 /* ContentView.swift in Sources */,
				46D80A4D25760264003C3164 /* MyGPSTestApp.swift in Sources */,
				46D80A66257606A6003C3164 /* LocationManager.swift in Sources */,
			);
			runOnlyForDeploymentPostprocessing = 0;
		};
		46D80A2F25760263003C3164 /* Sources */ = {
			isa = PBXSourcesBuildPhase;
			buildActionMask = 2147483647;
			files = (
				46D80A5025760264003C3164 /* ContentView.swift in Sources */,
				46D80A4E25760264003C3164 /* MyGPSTestApp.swift in Sources */,
				46D80A67257606A6003C3164 /* LocationManager.swift in Sources */,
			);
			runOnlyForDeploymentPostprocessing = 0;
		};
		46D80A3725760263003C3164 /* Sources */ = {
			isa = PBXSourcesBuildPhase;
			buildActionMask = 2147483647;
			files = (
				46D80A4025760263003C3164 /* Tests_iOS.swift in Sources */,
			);
			runOnlyForDeploymentPostprocessing = 0;
		};
		46D80A4225760264003C3164 /* Sources */ = {
			isa = PBXSourcesBuildPhase;
			buildActionMask = 2147483647;
			files = (
				46D80A4B25760264003C3164 /* Tests_macOS.swift in Sources */,
			);
			runOnlyForDeploymentPostprocessing = 0;
		};
/* End PBXSourcesBuildPhase section */

/* Begin PBXTargetDependency section */
		46D80A3D25760263003C3164 /* PBXTargetDependency */ = {
			isa = PBXTargetDependency;
			target = 46D80A2A25760263003C3164 /* MyGPSTest (iOS) */;
			targetProxy = 46D80A3C25760263003C3164 /* PBXContainerItemProxy */;
		};
		46D80A4825760264003C3164 /* PBXTargetDependency */ = {
			isa = PBXTargetDependency;
			target = 46D80A3225760263003C3164 /* MyGPSTest (macOS) */;
			targetProxy = 46D80A4725760264003C3164 /* PBXContainerItemProxy */;
		};
/* End PBXTargetDependency section */

/* Begin XCBuildConfiguration section */
		46D80A5325760264003C3164 /* Debug */ = {
			isa = XCBuildConfiguration;
			buildSettings = {
				ALWAYS_SEARCH_USER_PATHS = NO;
				CLANG_ANALYZER_NONNULL = YES;
				CLANG_ANALYZER_NUMBER_OBJECT_CONVERSION = YES_AGGRESSIVE;
				CLANG_CXX_LANGUAGE_STANDARD = "gnu++14";
				CLANG_CXX_LIBRARY = "libc++";
				CLANG_ENABLE_MODULES = YES;
				CLANG_ENABLE_OBJC_ARC = YES;
				CLANG_ENABLE_OBJC_WEAK = YES;
				CLANG_WARN_BLOCK_CAPTURE_AUTORELEASING = YES;
				CLANG_WARN_BOOL_CONVERSION = YES;
				CLANG_WARN_COMMA = YES;
				CLANG_WARN_CONSTANT_CONVERSION = YES;
				CLANG_WARN_DEPRECATED_OBJC_IMPLEMENTATIONS = YES;
				CLANG_WARN_DIRECT_OBJC_ISA_USAGE = YES_ERROR;
				CLANG_WARN_DOCUMENTATION_COMMENTS = YES;
				CLANG_WARN_EMPTY_BODY = YES;
				CLANG_WARN_ENUM_CONVERSION = YES;
				CLANG_WARN_INFINITE_RECURSION = YES;
				CLANG_WARN_INT_CONVERSION = YES;
				CLANG_WARN_NON_LITERAL_NULL_CONVERSION = YES;
				CLANG_WARN_OBJC_IMPLICIT_RETAIN_SELF = YES;
				CLANG_WARN_OBJC_LITERAL_CONVERSION = YES;
				CLANG_WARN_OBJC_ROOT_CLASS = YES_ERROR;
				CLANG_WARN_QUOTED_INCLUDE_IN_FRAMEWORK_HEADER = YES;
				CLANG_WARN_RANGE_LOOP_ANALYSIS = YES;
				CLANG_WARN_STRICT_PROTOTYPES = YES;
				CLANG_WARN_SUSPICIOUS_MOVE = YES;
				CLANG_WARN_UNGUARDED_AVAILABILITY = YES_AGGRESSIVE;
				CLANG_WARN_UNREACHABLE_CODE = YES;
				CLANG_WARN__DUPLICATE_METHOD_MATCH = YES;
				COPY_PHASE_STRIP = NO;
				DEBUG_INFORMATION_FORMAT = dwarf;
				ENABLE_STRICT_OBJC_MSGSEND = YES;
				ENABLE_TESTABILITY = YES;
				GCC_C_LANGUAGE_STANDARD = gnu11;
				GCC_DYNAMIC_NO_PIC = NO;
				GCC_NO_COMMON_BLOCKS = YES;
				GCC_OPTIMIZATION_LEVEL = 0;
				GCC_PREPROCESSOR_DEFINITIONS = (
					"DEBUG=1",
					"$(inherited)",
				);
				GCC_WARN_64_TO_32_BIT_CONVERSION = YES;
				GCC_WARN_ABOUT_RETURN_TYPE = YES_ERROR;
				GCC_WARN_UNDECLARED_SELECTOR = YES;
				GCC_WARN_UNINITIALIZED_AUTOS = YES_AGGRESSIVE;
				GCC_WARN_UNUSED_FUNCTION = YES;
				GCC_WARN_UNUSED_VARIABLE = YES;
				MTL_ENABLE_DEBUG_INFO = INCLUDE_SOURCE;
				MTL_FAST_MATH = YES;
				ONLY_ACTIVE_ARCH = YES;
				SWIFT_ACTIVE_COMPILATION_CONDITIONS = DEBUG;
				SWIFT_OPTIMIZATION_LEVEL = "-Onone";
			};
			name = Debug;
		};
		46D80A5425760264003C3164 /* Release */ = {
			isa = XCBuildConfiguration;
			buildSettings = {
				ALWAYS_SEARCH_USER_PATHS = NO;
				CLANG_ANALYZER_NONNULL = YES;
				CLANG_ANALYZER_NUMBER_OBJECT_CONVERSION = YES_AGGRESSIVE;
				CLANG_CXX_LANGUAGE_STANDARD = "gnu++14";
				CLANG_CXX_LIBRARY = "libc++";
				CLANG_ENABLE_MODULES = YES;
				CLANG_ENABLE_OBJC_ARC = YES;
				CLANG_ENABLE_OBJC_WEAK = YES;
				CLANG_WARN_BLOCK_CAPTURE_AUTORELEASING = YES;
				CLANG_WARN_BOOL_CONVERSION = YES;
				CLANG_WARN_COMMA = YES;
				CLANG_WARN_CONSTANT_CONVERSION = YES;
				CLANG_WARN_DEPRECATED_OBJC_IMPLEMENTATIONS = YES;
				CLANG_WARN_DIRECT_OBJC_ISA_USAGE = YES_ERROR;
				CLANG_WARN_DOCUMENTATION_COMMENTS = YES;
				CLANG_WARN_EMPTY_BODY = YES;
				CLANG_WARN_ENUM_CONVERSION = YES;
				CLANG_WARN_INFINITE_RECURSION = YES;
				CLANG_WARN_INT_CONVERSION = YES;
				CLANG_WARN_NON_LITERAL_NULL_CONVERSION = YES;
				CLANG_WARN_OBJC_IMPLICIT_RETAIN_SELF = YES;
				CLANG_WARN_OBJC_LITERAL_CONVERSION = YES;
				CLANG_WARN_OBJC_ROOT_CLASS = YES_ERROR;
				CLANG_WARN_QUOTED_INCLUDE_IN_FRAMEWORK_HEADER = YES;
				CLANG_WARN_RANGE_LOOP_ANALYSIS = YES;
				CLANG_WARN_STRICT_PROTOTYPES = YES;
				CLANG_WARN_SUSPICIOUS_MOVE = YES;
				CLANG_WARN_UNGUARDED_AVAILABILITY = YES_AGGRESSIVE;
				CLANG_WARN_UNREACHABLE_CODE = YES;
				CLANG_WARN__DUPLICATE_METHOD_MATCH = YES;
				COPY_PHASE_STRIP = NO;
				DEBUG_INFORMATION_FORMAT = "dwarf-with-dsym";
				ENABLE_NS_ASSERTIONS = NO;
				ENABLE_STRICT_OBJC_MSGSEND = YES;
				GCC_C_LANGUAGE_STANDARD = gnu11;
				GCC_NO_COMMON_BLOCKS = YES;
				GCC_WARN_64_TO_32_BIT_CONVERSION = YES;
				GCC_WARN_ABOUT_RETURN_TYPE = YES_ERROR;
				GCC_WARN_UNDECLARED_SELECTOR = YES;
				GCC_WARN_UNINITIALIZED_AUTOS = YES_AGGRESSIVE;
				GCC_WARN_UNUSED_FUNCTION = YES;
				GCC_WARN_UNUSED_VARIABLE = YES;
				MTL_ENABLE_DEBUG_INFO = NO;
				MTL_FAST_MATH = YES;
				SWIFT_COMPILATION_MODE = wholemodule;
				SWIFT_OPTIMIZATION_LEVEL = "-O";
			};
			name = Release;
		};
		46D80A5625760264003C3164 /* Debug */ = {
			isa = XCBuildConfiguration;
			buildSettings = {
				ASSETCATALOG_COMPILER_APPICON_NAME = AppIcon;
				ASSETCATALOG_COMPILER_GLOBAL_ACCENT_COLOR_NAME = AccentColor;
				CODE_SIGN_STYLE = Automatic;
				DEVELOPMENT_TEAM = FZHBKCVKFW;
				ENABLE_PREVIEWS = YES;
				INFOPLIST_FILE = iOS/Info.plist;
				IPHONEOS_DEPLOYMENT_TARGET = 14.0;
				LD_RUNPATH_SEARCH_PATHS = (
					"$(inherited)",
					"@executable_path/Frameworks",
				);
				PRODUCT_BUNDLE_IDENTIFIER = com.jaytorres.MyGPSTest;
				PRODUCT_NAME = MyGPSTest;
				SDKROOT = iphoneos;
				SWIFT_VERSION = 5.0;
				TARGETED_DEVICE_FAMILY = "1,2";
			};
			name = Debug;
		};
		46D80A5725760264003C3164 /* Release */ = {
			isa = XCBuildConfiguration;
			buildSettings = {
				ASSETCATALOG_COMPILER_APPICON_NAME = AppIcon;
				ASSETCATALOG_COMPILER_GLOBAL_ACCENT_COLOR_NAME = AccentColor;
				CODE_SIGN_STYLE = Automatic;
				DEVELOPMENT_TEAM = FZHBKCVKFW;
				ENABLE_PREVIEWS = YES;
				INFOPLIST_FILE = iOS/Info.plist;
				IPHONEOS_DEPLOYMENT_TARGET = 14.0;
				LD_RUNPATH_SEARCH_PATHS = (
					"$(inherited)",
					"@executable_path/Frameworks",
				);
				PRODUCT_BUNDLE_IDENTIFIER = com.jaytorres.MyGPSTest;
				PRODUCT_NAME = MyGPSTest;
				SDKROOT = iphoneos;
				SWIFT_VERSION = 5.0;
				TARGETED_DEVICE_FAMILY = "1,2";
				VALIDATE_PRODUCT = YES;
			};
			name = Release;
		};
		46D80A5925760264003C3164 /* Debug */ = {
			isa = XCBuildConfiguration;
			buildSettings = {
				ASSETCATALOG_COMPILER_APPICON_NAME = AppIcon;
				ASSETCATALOG_COMPILER_GLOBAL_ACCENT_COLOR_NAME = AccentColor;
				CODE_SIGN_ENTITLEMENTS = macOS/macOS.entitlements;
				CODE_SIGN_STYLE = Automatic;
				COMBINE_HIDPI_IMAGES = YES;
				DEVELOPMENT_TEAM = FZHBKCVKFW;
				ENABLE_HARDENED_RUNTIME = YES;
				ENABLE_PREVIEWS = YES;
				INFOPLIST_FILE = macOS/Info.plist;
				LD_RUNPATH_SEARCH_PATHS = (
					"$(inherited)",
					"@executable_path/../Frameworks",
				);
				MACOSX_DEPLOYMENT_TARGET = 11.0;
				PRODUCT_BUNDLE_IDENTIFIER = com.jaytorres.MyGPSTest;
				PRODUCT_NAME = MyGPSTest;
				SDKROOT = macosx;
				SWIFT_VERSION = 5.0;
			};
			name = Debug;
		};
		46D80A5A25760264003C3164 /* Release */ = {
			isa = XCBuildConfiguration;
			buildSettings = {
				ASSETCATALOG_COMPILER_APPICON_NAME = AppIcon;
				ASSETCATALOG_COMPILER_GLOBAL_ACCENT_COLOR_NAME = AccentColor;
				CODE_SIGN_ENTITLEMENTS = macOS/macOS.entitlements;
				CODE_SIGN_STYLE = Automatic;
				COMBINE_HIDPI_IMAGES = YES;
				DEVELOPMENT_TEAM = FZHBKCVKFW;
				ENABLE_HARDENED_RUNTIME = YES;
				ENABLE_PREVIEWS = YES;
				INFOPLIST_FILE = macOS/Info.plist;
				LD_RUNPATH_SEARCH_PATHS = (
					"$(inherited)",
					"@executable_path/../Frameworks",
				);
				MACOSX_DEPLOYMENT_TARGET = 11.0;
				PRODUCT_BUNDLE_IDENTIFIER = com.jaytorres.MyGPSTest;
				PRODUCT_NAME = MyGPSTest;
				SDKROOT = macosx;
				SWIFT_VERSION = 5.0;
			};
			name = Release;
		};
		46D80A5C25760264003C3164 /* Debug */ = {
			isa = XCBuildConfiguration;
			buildSettings = {
				ALWAYS_EMBED_SWIFT_STANDARD_LIBRARIES = YES;
				CODE_SIGN_STYLE = Automatic;
				DEVELOPMENT_TEAM = FZHBKCVKFW;
				INFOPLIST_FILE = "Tests iOS/Info.plist";
				IPHONEOS_DEPLOYMENT_TARGET = 14.2;
				LD_RUNPATH_SEARCH_PATHS = (
					"$(inherited)",
					"@executable_path/Frameworks",
					"@loader_path/Frameworks",
				);
				PRODUCT_BUNDLE_IDENTIFIER = "com.jaytorres.Tests-iOS";
				PRODUCT_NAME = "$(TARGET_NAME)";
				SDKROOT = iphoneos;
				SWIFT_VERSION = 5.0;
				TARGETED_DEVICE_FAMILY = "1,2";
				TEST_TARGET_NAME = "MyGPSTest (iOS)";
			};
			name = Debug;
		};
		46D80A5D25760264003C3164 /* Release */ = {
			isa = XCBuildConfiguration;
			buildSettings = {
				ALWAYS_EMBED_SWIFT_STANDARD_LIBRARIES = YES;
				CODE_SIGN_STYLE = Automatic;
				DEVELOPMENT_TEAM = FZHBKCVKFW;
				INFOPLIST_FILE = "Tests iOS/Info.plist";
				IPHONEOS_DEPLOYMENT_TARGET = 14.2;
				LD_RUNPATH_SEARCH_PATHS = (
					"$(inherited)",
					"@executable_path/Frameworks",
					"@loader_path/Frameworks",
				);
				PRODUCT_BUNDLE_IDENTIFIER = "com.jaytorres.Tests-iOS";
				PRODUCT_NAME = "$(TARGET_NAME)";
				SDKROOT = iphoneos;
				SWIFT_VERSION = 5.0;
				TARGETED_DEVICE_FAMILY = "1,2";
				TEST_TARGET_NAME = "MyGPSTest (iOS)";
				VALIDATE_PRODUCT = YES;
			};
			name = Release;
		};
		46D80A5F25760264003C3164 /* Debug */ = {
			isa = XCBuildConfiguration;
			buildSettings = {
				ALWAYS_EMBED_SWIFT_STANDARD_LIBRARIES = YES;
				CODE_SIGN_STYLE = Automatic;
				COMBINE_HIDPI_IMAGES = YES;
				DEVELOPMENT_TEAM = FZHBKCVKFW;
				INFOPLIST_FILE = "Tests macOS/Info.plist";
				LD_RUNPATH_SEARCH_PATHS = (
					"$(inherited)",
					"@executable_path/../Frameworks",
					"@loader_path/../Frameworks",
				);
				MACOSX_DEPLOYMENT_TARGET = 10.15;
				PRODUCT_BUNDLE_IDENTIFIER = "com.jaytorres.Tests-macOS";
				PRODUCT_NAME = "$(TARGET_NAME)";
				SDKROOT = macosx;
				SWIFT_VERSION = 5.0;
				TEST_TARGET_NAME = "MyGPSTest (macOS)";
			};
			name = Debug;
		};
		46D80A6025760264003C3164 /* Release */ = {
			isa = XCBuildConfiguration;
			buildSettings = {
				ALWAYS_EMBED_SWIFT_STANDARD_LIBRARIES = YES;
				CODE_SIGN_STYLE = Automatic;
				COMBINE_HIDPI_IMAGES = YES;
				DEVELOPMENT_TEAM = FZHBKCVKFW;
				INFOPLIST_FILE = "Tests macOS/Info.plist";
				LD_RUNPATH_SEARCH_PATHS = (
					"$(inherited)",
					"@executable_path/../Frameworks",
					"@loader_path/../Frameworks",
				);
				MACOSX_DEPLOYMENT_TARGET = 10.15;
				PRODUCT_BUNDLE_IDENTIFIER = "com.jaytorres.Tests-macOS";
				PRODUCT_NAME = "$(TARGET_NAME)";
				SDKROOT = macosx;
				SWIFT_VERSION = 5.0;
				TEST_TARGET_NAME = "MyGPSTest (macOS)";
			};
			name = Release;
		};
/* End XCBuildConfiguration section */

/* Begin XCConfigurationList section */
		46D80A2225760263003C3164 /* Build configuration list for PBXProject "MyGPSTest" */ = {
			isa = XCConfigurationList;
			buildConfigurations = (
				46D80A5325760264003C3164 /* Debug */,
				46D80A5425760264003C3164 /* Release */,
			);
			defaultConfigurationIsVisible = 0;
			defaultConfigurationName = Release;
		};
		46D80A5525760264003C3164 /* Build configuration list for PBXNativeTarget "MyGPSTest (iOS)" */ = {
			isa = XCConfigurationList;
			buildConfigurations = (
				46D80A5625760264003C3164 /* Debug */,
				46D80A5725760264003C3164 /* Release */,
			);
			defaultConfigurationIsVisible = 0;
			defaultConfigurationName = Release;
		};
		46D80A5825760264003C3164 /* Build configuration list for PBXNativeTarget "MyGPSTest (macOS)" */ = {
			isa = XCConfigurationList;
			buildConfigurations = (
				46D80A5925760264003C3164 /* Debug */,
				46D80A5A25760264003C3164 /* Release */,
			);
			defaultConfigurationIsVisible = 0;
			defaultConfigurationName = Release;
		};
		46D80A5B25760264003C3164 /* Build configuration list for PBXNativeTarget "Tests iOS" */ = {
			isa = XCConfigurationList;
			buildConfigurations = (
				46D80A5C25760264003C3164 /* Debug */,
				46D80A5D25760264003C3164 /* Release */,
			);
			defaultConfigurationIsVisible = 0;
			defaultConfigurationName = Release;
		};
		46D80A5E25760264003C3164 /* Build configuration list for PBXNativeTarget "Tests macOS" */ = {
			isa = XCConfigurationList;
			buildConfigurations = (
				46D80A5F25760264003C3164 /* Debug */,
				46D80A6025760264003C3164 /* Release */,
			);
			defaultConfigurationIsVisible = 0;
			defaultConfigurationName = Release;
		};
/* End XCConfigurationList section */
	};
	rootObject = 46D80A1F25760263003C3164 /* Project object */;
}
